
Microsoft Visual Studio Solution File, Format Version 12.00
# Visual Studio Version 16
VisualStudioVersion = 16.0.30114.105
MinimumVisualStudioVersion = 10.0.40219.1
Project("{FAE04EC0-301F-11D3-BF4B-00C04F79EFBC}") = "SignToSeminar-Backend", "SignToSeminar-Backend\SignToSeminar-Backend.csproj", "{DAEBF1E1-B1AE-4DD1-969E-6E6FB7905C65}"
EndProject
Global
	GlobalSection(SolutionConfigurationPlatforms) = preSolution
		Debug|Any CPU = Debug|Any CPU
		Release|Any CPU = Release|Any CPU
	EndGlobalSection
	GlobalSection(ProjectConfigurationPlatforms) = postSolution
		{DAEBF1E1-B1AE-4DD1-969E-6E6FB7905C65}.Debug|Any CPU.ActiveCfg = Debug|Any CPU
		{DAEBF1E1-B1AE-4DD1-969E-6E6FB7905C65}.Debug|Any CPU.Build.0 = Debug|Any CPU
		{DAEBF1E1-B1AE-4DD1-969E-6E6FB7905C65}.Release|Any CPU.ActiveCfg = Release|Any CPU
		{DAEBF1E1-B1AE-4DD1-969E-6E6FB7905C65}.Release|Any CPU.Build.0 = Release|Any CPU
	EndGlobalSection
	GlobalSection(SolutionProperties) = preSolution
		HideSolutionNode = FALSE
	EndGlobalSection
	GlobalSection(ExtensibilityGlobals) = postSolution
		SolutionGuid = {45972763-CECA-44DE-99AD-3C2DA9E2C737}
	EndGlobalSection
EndGlobal
